
Microsoft Visual Studio Solution File, Format Version 12.00
# Visual Studio Version 17
VisualStudioVersion = 17.8.34309.116
MinimumVisualStudioVersion = 10.0.40219.1
Project("{FAE04EC0-301F-11D3-BF4B-00C04F79EFBC}") = "DeeHelper", "DeeHelper\DeeHelper.csproj", "{DF9B985E-93FE-4A9D-8CDC-B0D86AE96228}"
EndProject
Project("{D954291E-2A0B-460D-934E-DC6B0785DB48}") = "DeeHelperShare", "DeeHelperShare\DeeHelperShare.shproj", "{C08D91F9-3592-4FF4-A0B2-018393A7F145}"
EndProject
Project("{FAE04EC0-301F-11D3-BF4B-00C04F79EFBC}") = "DeeHelper_v17", "DeeHelper_v17\DeeHelper_v17.csproj", "{F0A3E80C-8BA1-47E9-85AB-6F4D8986D872}"
EndProject
Global
	GlobalSection(SolutionConfigurationPlatforms) = preSolution
		Debug|Any CPU = Debug|Any CPU
		Debug|arm64 = Debug|arm64
		Debug|x86 = Debug|x86
		Release|Any CPU = Release|Any CPU
		Release|arm64 = Release|arm64
		Release|x86 = Release|x86
	EndGlobalSection
	GlobalSection(ProjectConfigurationPlatforms) = postSolution
		{DF9B985E-93FE-4A9D-8CDC-B0D86AE96228}.Debug|Any CPU.ActiveCfg = Debug|Any CPU
		{DF9B985E-93FE-4A9D-8CDC-B0D86AE96228}.Debug|Any CPU.Build.0 = Debug|Any CPU
		{DF9B985E-93FE-4A9D-8CDC-B0D86AE96228}.Debug|arm64.ActiveCfg = Debug|arm64
		{DF9B985E-93FE-4A9D-8CDC-B0D86AE96228}.Debug|arm64.Build.0 = Debug|arm64
		{DF9B985E-93FE-4A9D-8CDC-B0D86AE96228}.Debug|x86.ActiveCfg = Debug|x86
		{DF9B985E-93FE-4A9D-8CDC-B0D86AE96228}.Debug|x86.Build.0 = Debug|x86
		{DF9B985E-93FE-4A9D-8CDC-B0D86AE96228}.Release|Any CPU.ActiveCfg = Release|Any CPU
		{DF9B985E-93FE-4A9D-8CDC-B0D86AE96228}.Release|Any CPU.Build.0 = Release|Any CPU
		{DF9B985E-93FE-4A9D-8CDC-B0D86AE96228}.Release|arm64.ActiveCfg = Release|arm64
		{DF9B985E-93FE-4A9D-8CDC-B0D86AE96228}.Release|arm64.Build.0 = Release|arm64
		{DF9B985E-93FE-4A9D-8CDC-B0D86AE96228}.Release|x86.ActiveCfg = Release|x86
		{DF9B985E-93FE-4A9D-8CDC-B0D86AE96228}.Release|x86.Build.0 = Release|x86
		{F0A3E80C-8BA1-47E9-85AB-6F4D8986D872}.Debug|Any CPU.ActiveCfg = Debug|Any CPU
		{F0A3E80C-8BA1-47E9-85AB-6F4D8986D872}.Debug|Any CPU.Build.0 = Debug|Any CPU
		{F0A3E80C-8BA1-47E9-85AB-6F4D8986D872}.Debug|arm64.ActiveCfg = Debug|arm64
		{F0A3E80C-8BA1-47E9-85AB-6F4D8986D872}.Debug|arm64.Build.0 = Debug|arm64
		{F0A3E80C-8BA1-47E9-85AB-6F4D8986D872}.Debug|x86.ActiveCfg = Debug|x86
		{F0A3E80C-8BA1-47E9-85AB-6F4D8986D872}.Debug|x86.Build.0 = Debug|x86
		{F0A3E80C-8BA1-47E9-85AB-6F4D8986D872}.Release|Any CPU.ActiveCfg = Release|Any CPU
		{F0A3E80C-8BA1-47E9-85AB-6F4D8986D872}.Release|Any CPU.Build.0 = Release|Any CPU
		{F0A3E80C-8BA1-47E9-85AB-6F4D8986D872}.Release|arm64.ActiveCfg = Release|arm64
		{F0A3E80C-8BA1-47E9-85AB-6F4D8986D872}.Release|arm64.Build.0 = Release|arm64
		{F0A3E80C-8BA1-47E9-85AB-6F4D8986D872}.Release|x86.ActiveCfg = Release|x86
		{F0A3E80C-8BA1-47E9-85AB-6F4D8986D872}.Release|x86.Build.0 = Release|x86
	EndGlobalSection
	GlobalSection(SolutionProperties) = preSolution
		HideSolutionNode = FALSE
	EndGlobalSection
	GlobalSection(ExtensibilityGlobals) = postSolution
		SolutionGuid = {68B522D4-4976-48D1-BFFD-265888AD3615}
	EndGlobalSection
	GlobalSection(SharedMSBuildProjectFiles) = preSolution
		DeeHelperShare\DeeHelperShare.projitems*{c08d91f9-3592-4ff4-a0b2-018393a7f145}*SharedItemsImports = 13
		DeeHelperShare\DeeHelperShare.projitems*{df9b985e-93fe-4a9d-8cdc-b0d86ae96228}*SharedItemsImports = 4
		DeeHelperShare\DeeHelperShare.projitems*{f0a3e80c-8ba1-47e9-85ab-6f4d8986d872}*SharedItemsImports = 4
	EndGlobalSection
EndGlobal
